
Microsoft Visual Studio Solution File, Format Version 12.00
# Visual Studio Version 16
VisualStudioVersion = 16.0.29102.190
MinimumVisualStudioVersion = 10.0.40219.1
Project("{9A19103F-16F7-4668-BE54-9A1E7A4F7556}") = "StudentManagement", "StudentManagement\StudentManagement.csproj", "{526E6C84-51DE-42DF-B962-BCF3F34BDD98}"
EndProject
Project("{FAE04EC0-301F-11D3-BF4B-00C04F79EFBC}") = "StudentManagementUnitTest", "StudentManagementUnitTest\StudentManagementUnitTest.csproj", "{1157D91F-48EA-4C80-A5A1-CAB87AF79B70}"
EndProject
Global
	GlobalSection(SolutionConfigurationPlatforms) = preSolution
		Debug|Any CPU = Debug|Any CPU
		Release|Any CPU = Release|Any CPU
	EndGlobalSection
	GlobalSection(ProjectConfigurationPlatforms) = postSolution
		{526E6C84-51DE-42DF-B962-BCF3F34BDD98}.Debug|Any CPU.ActiveCfg = Debug|Any CPU
		{526E6C84-51DE-42DF-B962-BCF3F34BDD98}.Debug|Any CPU.Build.0 = Debug|Any CPU
		{526E6C84-51DE-42DF-B962-BCF3F34BDD98}.Release|Any CPU.ActiveCfg = Release|Any CPU
		{526E6C84-51DE-42DF-B962-BCF3F34BDD98}.Release|Any CPU.Build.0 = Release|Any CPU
		{1157D91F-48EA-4C80-A5A1-CAB87AF79B70}.Debug|Any CPU.ActiveCfg = Debug|Any CPU
		{1157D91F-48EA-4C80-A5A1-CAB87AF79B70}.Debug|Any CPU.Build.0 = Debug|Any CPU
		{1157D91F-48EA-4C80-A5A1-CAB87AF79B70}.Release|Any CPU.ActiveCfg = Release|Any CPU
		{1157D91F-48EA-4C80-A5A1-CAB87AF79B70}.Release|Any CPU.Build.0 = Release|Any CPU
	EndGlobalSection
	GlobalSection(SolutionProperties) = preSolution
		HideSolutionNode = FALSE
	EndGlobalSection
	GlobalSection(ExtensibilityGlobals) = postSolution
		SolutionGuid = {303EAB9F-A57A-47CC-BE75-670E82AFFA4E}
	EndGlobalSection
EndGlobal
